
Microsoft Visual Studio Solution File, Format Version 12.00
# Visual Studio Version 16
VisualStudioVersion = 16.0.30413.136
MinimumVisualStudioVersion = 10.0.40219.1
Project("{FAE04EC0-301F-11D3-BF4B-00C04F79EFBC}") = "Webdemo2Client", "Webdemo2Client\Webdemo2Client.csproj", "{00626D2D-8611-4DFF-B38E-D8F24A7D0C1E}"
EndProject
Global
	GlobalSection(SolutionConfigurationPlatforms) = preSolution
		Debug|Any CPU = Debug|Any CPU
		Release|Any CPU = Release|Any CPU
	EndGlobalSection
	GlobalSection(ProjectConfigurationPlatforms) = postSolution
		{00626D2D-8611-4DFF-B38E-D8F24A7D0C1E}.Debug|Any CPU.ActiveCfg = Debug|Any CPU
		{00626D2D-8611-4DFF-B38E-D8F24A7D0C1E}.Debug|Any CPU.Build.0 = Debug|Any CPU
		{00626D2D-8611-4DFF-B38E-D8F24A7D0C1E}.Release|Any CPU.ActiveCfg = Release|Any CPU
		{00626D2D-8611-4DFF-B38E-D8F24A7D0C1E}.Release|Any CPU.Build.0 = Release|Any CPU
	EndGlobalSection
	GlobalSection(SolutionProperties) = preSolution
		HideSolutionNode = FALSE
	EndGlobalSection
	GlobalSection(ExtensibilityGlobals) = postSolution
		SolutionGuid = {645AA252-878C-457C-A981-E46257546FCF}
	EndGlobalSection
EndGlobal
