
Microsoft Visual Studio Solution File, Format Version 12.00
# Visual Studio Version 16
VisualStudioVersion = 16.0.30413.136
MinimumVisualStudioVersion = 10.0.40219.1
Project("{FAE04EC0-301F-11D3-BF4B-00C04F79EFBC}") = "WcfMSMQ", "WcfMSMQ\WcfMSMQ.csproj", "{35AA671B-E45A-4B18-8F76-DBC23B5DA8D8}"
EndProject
Project("{FAE04EC0-301F-11D3-BF4B-00C04F79EFBC}") = "ConsoleHost", "ConsoleHost\ConsoleHost.csproj", "{234E4CFE-D3FE-420A-9CFB-DAC10ABEE601}"
EndProject
Global
	GlobalSection(SolutionConfigurationPlatforms) = preSolution
		Debug|Any CPU = Debug|Any CPU
		Release|Any CPU = Release|Any CPU
	EndGlobalSection
	GlobalSection(ProjectConfigurationPlatforms) = postSolution
		{35AA671B-E45A-4B18-8F76-DBC23B5DA8D8}.Debug|Any CPU.ActiveCfg = Debug|Any CPU
		{35AA671B-E45A-4B18-8F76-DBC23B5DA8D8}.Debug|Any CPU.Build.0 = Debug|Any CPU
		{35AA671B-E45A-4B18-8F76-DBC23B5DA8D8}.Release|Any CPU.ActiveCfg = Release|Any CPU
		{35AA671B-E45A-4B18-8F76-DBC23B5DA8D8}.Release|Any CPU.Build.0 = Release|Any CPU
		{234E4CFE-D3FE-420A-9CFB-DAC10ABEE601}.Debug|Any CPU.ActiveCfg = Debug|Any CPU
		{234E4CFE-D3FE-420A-9CFB-DAC10ABEE601}.Debug|Any CPU.Build.0 = Debug|Any CPU
		{234E4CFE-D3FE-420A-9CFB-DAC10ABEE601}.Release|Any CPU.ActiveCfg = Release|Any CPU
		{234E4CFE-D3FE-420A-9CFB-DAC10ABEE601}.Release|Any CPU.Build.0 = Release|Any CPU
	EndGlobalSection
	GlobalSection(SolutionProperties) = preSolution
		HideSolutionNode = FALSE
	EndGlobalSection
	GlobalSection(ExtensibilityGlobals) = postSolution
		SolutionGuid = {DE5AAAD3-B5E5-4534-BE51-739D7B0D1C79}
	EndGlobalSection
EndGlobal
